
Microsoft Visual Studio Solution File, Format Version 12.00
# Visual Studio Version 17
VisualStudioVersion = 17.0.31903.59
MinimumVisualStudioVersion = 10.0.40219.1
Project("{FAE04EC0-301F-11D3-BF4B-00C04F79EFBC}") = "m3u8-dl", "src\m3u8-dl.csproj", "{A8D0A76C-54F5-4271-8612-AD2625BD6170}"
EndProject
Project("{FAE04EC0-301F-11D3-BF4B-00C04F79EFBC}") = "m3u8-dl.Test", "test\m3u8-dl.Test.csproj", "{53A10FD9-35E8-4200-981E-316BF9C04084}"
EndProject
Global
	GlobalSection(SolutionConfigurationPlatforms) = preSolution
		Debug|Any CPU = Debug|Any CPU
		Release|Any CPU = Release|Any CPU
	EndGlobalSection
	GlobalSection(SolutionProperties) = preSolution
		HideSolutionNode = FALSE
	EndGlobalSection
	GlobalSection(ProjectConfigurationPlatforms) = postSolution
		{A8D0A76C-54F5-4271-8612-AD2625BD6170}.Debug|Any CPU.ActiveCfg = Debug|Any CPU
		{A8D0A76C-54F5-4271-8612-AD2625BD6170}.Debug|Any CPU.Build.0 = Debug|Any CPU
		{A8D0A76C-54F5-4271-8612-AD2625BD6170}.Release|Any CPU.ActiveCfg = Release|Any CPU
		{A8D0A76C-54F5-4271-8612-AD2625BD6170}.Release|Any CPU.Build.0 = Release|Any CPU
		{53A10FD9-35E8-4200-981E-316BF9C04084}.Debug|Any CPU.ActiveCfg = Debug|Any CPU
		{53A10FD9-35E8-4200-981E-316BF9C04084}.Debug|Any CPU.Build.0 = Debug|Any CPU
		{53A10FD9-35E8-4200-981E-316BF9C04084}.Release|Any CPU.ActiveCfg = Release|Any CPU
		{53A10FD9-35E8-4200-981E-316BF9C04084}.Release|Any CPU.Build.0 = Release|Any CPU
	EndGlobalSection
EndGlobal
